
Microsoft Visual Studio Solution File, Format Version 12.00
# Visual Studio Version 17
VisualStudioVersion = 17.1.32414.318
MinimumVisualStudioVersion = 10.0.40219.1
Project("{9A19103F-16F7-4668-BE54-9A1E7A4F7556}") = "BinarySearch", "BinarySearch\BinarySearch.csproj", "{BFE66E95-372F-4F0C-AAD8-C814BE9C2BBF}"
EndProject
Project("{9A19103F-16F7-4668-BE54-9A1E7A4F7556}") = "LinearSeacrh", "LinearSeacrh\LinearSeacrh.csproj", "{EAEA94CC-06AD-47AC-B1B5-DCB2335E1BB7}"
EndProject
Project("{9A19103F-16F7-4668-BE54-9A1E7A4F7556}") = "Searching", "Searching\Searching.csproj", "{2BBDE9AA-A4A7-4226-873B-88799484B8A2}"
EndProject
Project("{FAE04EC0-301F-11D3-BF4B-00C04F79EFBC}") = "MergeSort", "MergeSort\MergeSort.csproj", "{C5832DBF-0E82-4661-B135-11A0CCA468D0}"
EndProject
Global
	GlobalSection(SolutionConfigurationPlatforms) = preSolution
		Debug|Any CPU = Debug|Any CPU
		Release|Any CPU = Release|Any CPU
	EndGlobalSection
	GlobalSection(ProjectConfigurationPlatforms) = postSolution
		{BFE66E95-372F-4F0C-AAD8-C814BE9C2BBF}.Debug|Any CPU.ActiveCfg = Debug|Any CPU
		{BFE66E95-372F-4F0C-AAD8-C814BE9C2BBF}.Debug|Any CPU.Build.0 = Debug|Any CPU
		{BFE66E95-372F-4F0C-AAD8-C814BE9C2BBF}.Release|Any CPU.ActiveCfg = Release|Any CPU
		{BFE66E95-372F-4F0C-AAD8-C814BE9C2BBF}.Release|Any CPU.Build.0 = Release|Any CPU
		{EAEA94CC-06AD-47AC-B1B5-DCB2335E1BB7}.Debug|Any CPU.ActiveCfg = Debug|Any CPU
		{EAEA94CC-06AD-47AC-B1B5-DCB2335E1BB7}.Debug|Any CPU.Build.0 = Debug|Any CPU
		{EAEA94CC-06AD-47AC-B1B5-DCB2335E1BB7}.Release|Any CPU.ActiveCfg = Release|Any CPU
		{EAEA94CC-06AD-47AC-B1B5-DCB2335E1BB7}.Release|Any CPU.Build.0 = Release|Any CPU
		{2BBDE9AA-A4A7-4226-873B-88799484B8A2}.Debug|Any CPU.ActiveCfg = Debug|Any CPU
		{2BBDE9AA-A4A7-4226-873B-88799484B8A2}.Debug|Any CPU.Build.0 = Debug|Any CPU
		{2BBDE9AA-A4A7-4226-873B-88799484B8A2}.Release|Any CPU.ActiveCfg = Release|Any CPU
		{2BBDE9AA-A4A7-4226-873B-88799484B8A2}.Release|Any CPU.Build.0 = Release|Any CPU
		{C5832DBF-0E82-4661-B135-11A0CCA468D0}.Debug|Any CPU.ActiveCfg = Debug|Any CPU
		{C5832DBF-0E82-4661-B135-11A0CCA468D0}.Debug|Any CPU.Build.0 = Debug|Any CPU
		{C5832DBF-0E82-4661-B135-11A0CCA468D0}.Release|Any CPU.ActiveCfg = Release|Any CPU
		{C5832DBF-0E82-4661-B135-11A0CCA468D0}.Release|Any CPU.Build.0 = Release|Any CPU
	EndGlobalSection
	GlobalSection(SolutionProperties) = preSolution
		HideSolutionNode = FALSE
	EndGlobalSection
	GlobalSection(ExtensibilityGlobals) = postSolution
		SolutionGuid = {F629E49F-7B1A-4AFC-A714-49978433E6CF}
	EndGlobalSection
EndGlobal
